Microsoft Visual Studio Solution File, Format Version 12.00
# Visual Studio Version 17
VisualStudioVersion = 17.5.2.0
MinimumVisualStudioVersion = 10.0.40219.1
Project("{FAE04EC0-301F-11D3-BF4B-00C04F79EFBC}") = "NeuroTheSomniumFiles", "NeuroTheSomniumFiles.csproj", "{D620AF3B-1A27-50C8-C9A3-0235EF3CF935}"
EndProject
Global
	GlobalSection(SolutionConfigurationPlatforms) = preSolution
		Debug|Any CPU = Debug|Any CPU
		Release|Any CPU = Release|Any CPU
	EndGlobalSection
	GlobalSection(ProjectConfigurationPlatforms) = postSolution
		{D620AF3B-1A27-50C8-C9A3-0235EF3CF935}.Debug|Any CPU.ActiveCfg = Debug|Any CPU
		{D620AF3B-1A27-50C8-C9A3-0235EF3CF935}.Debug|Any CPU.Build.0 = Debug|Any CPU
		{D620AF3B-1A27-50C8-C9A3-0235EF3CF935}.Release|Any CPU.ActiveCfg = Release|Any CPU
		{D620AF3B-1A27-50C8-C9A3-0235EF3CF935}.Release|Any CPU.Build.0 = Release|Any CPU
	EndGlobalSection
	GlobalSection(SolutionProperties) = preSolution
		HideSolutionNode = FALSE
	EndGlobalSection
	GlobalSection(ExtensibilityGlobals) = postSolution
		SolutionGuid = {73532F98-C43B-487A-8AF8-E5D198F018C6}
	EndGlobalSection
EndGlobal
